
Microsoft Visual Studio Solution File, Format Version 12.00
# Visual Studio Version 17
VisualStudioVersion = 17.9.34607.119
MinimumVisualStudioVersion = 10.0.40219.1
Project("{8BC9CEB8-8B4A-11D0-8D11-00A0C91BC942}") = "XAMLSample", "XAMLSample\XAMLSample.vcxproj", "{5EA11A87-1CBC-4475-B66C-727334B4DC70}"
EndProject
Project("{8BC9CEB8-8B4A-11D0-8D11-00A0C91BC942}") = "XAMLSample_MFTClass", "XAMLSample_MFTClass\XAMLSample_MFTClass.vcxproj", "{83387D14-7229-4D6A-98C0-61382D188FC6}"
EndProject
Project("{8BC9CEB8-8B4A-11D0-8D11-00A0C91BC942}") = "BasicMFTDLL", "BasicMFTDLL\BasicMFTDLL.vcxproj", "{6DB84C92-341F-4B3E-B3F4-83869E4B2920}"
EndProject
Project("{8BC9CEB8-8B4A-11D0-8D11-00A0C91BC942}") = "XAMLSample_MFTDLL", "XAMLSample_MFTDLL\XAMLSample_MFTDLL.vcxproj", "{CFA6E3A8-2299-468C-B4D6-A7E7650EAD97}"
	ProjectSection(ProjectDependencies) = postProject
		{6DB84C92-341F-4B3E-B3F4-83869E4B2920} = {6DB84C92-341F-4B3E-B3F4-83869E4B2920}
	EndProjectSection
EndProject
Project("{8BC9CEB8-8B4A-11D0-8D11-00A0C91BC942}") = "BasicMFTClass", "BasicMFTClass\BasicMFTClass.vcxproj", "{C8F9FE66-1689-422B-828E-CBE91844E6CD}"
EndProject
Global
	GlobalSection(SolutionConfigurationPlatforms) = preSolution
		Debug|ARM = Debug|ARM
		Debug|ARM64 = Debug|ARM64
		Debug|x64 = Debug|x64
		Debug|x86 = Debug|x86
		Release|ARM = Release|ARM
		Release|ARM64 = Release|ARM64
		Release|x64 = Release|x64
		Release|x86 = Release|x86
	EndGlobalSection
	GlobalSection(ProjectConfigurationPlatforms) = postSolution
		{5EA11A87-1CBC-4475-B66C-727334B4DC70}.Debug|ARM.ActiveCfg = Debug|x64
		{5EA11A87-1CBC-4475-B66C-727334B4DC70}.Debug|ARM.Build.0 = Debug|x64
		{5EA11A87-1CBC-4475-B66C-727334B4DC70}.Debug|ARM.Deploy.0 = Debug|x64
		{5EA11A87-1CBC-4475-B66C-727334B4DC70}.Debug|ARM64.ActiveCfg = Debug|ARM64
		{5EA11A87-1CBC-4475-B66C-727334B4DC70}.Debug|ARM64.Build.0 = Debug|ARM64
		{5EA11A87-1CBC-4475-B66C-727334B4DC70}.Debug|ARM64.Deploy.0 = Debug|ARM64
		{5EA11A87-1CBC-4475-B66C-727334B4DC70}.Debug|x64.ActiveCfg = Debug|x64
		{5EA11A87-1CBC-4475-B66C-727334B4DC70}.Debug|x64.Build.0 = Debug|x64
		{5EA11A87-1CBC-4475-B66C-727334B4DC70}.Debug|x64.Deploy.0 = Debug|x64
		{5EA11A87-1CBC-4475-B66C-727334B4DC70}.Debug|x86.ActiveCfg = Debug|Win32
		{5EA11A87-1CBC-4475-B66C-727334B4DC70}.Debug|x86.Build.0 = Debug|Win32
		{5EA11A87-1CBC-4475-B66C-727334B4DC70}.Debug|x86.Deploy.0 = Debug|Win32
		{5EA11A87-1CBC-4475-B66C-727334B4DC70}.Release|ARM.ActiveCfg = Release|x64
		{5EA11A87-1CBC-4475-B66C-727334B4DC70}.Release|ARM.Build.0 = Release|x64
		{5EA11A87-1CBC-4475-B66C-727334B4DC70}.Release|ARM.Deploy.0 = Release|x64
		{5EA11A87-1CBC-4475-B66C-727334B4DC70}.Release|ARM64.ActiveCfg = Release|ARM64
		{5EA11A87-1CBC-4475-B66C-727334B4DC70}.Release|ARM64.Build.0 = Release|ARM64
		{5EA11A87-1CBC-4475-B66C-727334B4DC70}.Release|ARM64.Deploy.0 = Release|ARM64
		{5EA11A87-1CBC-4475-B66C-727334B4DC70}.Release|x64.ActiveCfg = Release|x64
		{5EA11A87-1CBC-4475-B66C-727334B4DC70}.Release|x64.Build.0 = Release|x64
		{5EA11A87-1CBC-4475-B66C-727334B4DC70}.Release|x64.Deploy.0 = Release|x64
		{5EA11A87-1CBC-4475-B66C-727334B4DC70}.Release|x86.ActiveCfg = Release|Win32
		{5EA11A87-1CBC-4475-B66C-727334B4DC70}.Release|x86.Build.0 = Release|Win32
		{5EA11A87-1CBC-4475-B66C-727334B4DC70}.Release|x86.Deploy.0 = Release|Win32
		{83387D14-7229-4D6A-98C0-61382D188FC6}.Debug|ARM.ActiveCfg = Debug|x64
		{83387D14-7229-4D6A-98C0-61382D188FC6}.Debug|ARM.Build.0 = Debug|x64
		{83387D14-7229-4D6A-98C0-61382D188FC6}.Debug|ARM.Deploy.0 = Debug|x64
		{83387D14-7229-4D6A-98C0-61382D188FC6}.Debug|ARM64.ActiveCfg = Debug|ARM64
		{83387D14-7229-4D6A-98C0-61382D188FC6}.Debug|ARM64.Build.0 = Debug|ARM64
		{83387D14-7229-4D6A-98C0-61382D188FC6}.Debug|ARM64.Deploy.0 = Debug|ARM64
		{83387D14-7229-4D6A-98C0-61382D188FC6}.Debug|x64.ActiveCfg = Debug|x64
		{83387D14-7229-4D6A-98C0-61382D188FC6}.Debug|x64.Build.0 = Debug|x64
		{83387D14-7229-4D6A-98C0-61382D188FC6}.Debug|x64.Deploy.0 = Debug|x64
		{83387D14-7229-4D6A-98C0-61382D188FC6}.Debug|x86.ActiveCfg = Debug|Win32
		{83387D14-7229-4D6A-98C0-61382D188FC6}.Debug|x86.Build.0 = Debug|Win32
		{83387D14-7229-4D6A-98C0-61382D188FC6}.Debug|x86.Deploy.0 = Debug|Win32
		{83387D14-7229-4D6A-98C0-61382D188FC6}.Release|ARM.ActiveCfg = Release|x64
		{83387D14-7229-4D6A-98C0-61382D188FC6}.Release|ARM.Build.0 = Release|x64
		{83387D14-7229-4D6A-98C0-61382D188FC6}.Release|ARM.Deploy.0 = Release|x64
		{83387D14-7229-4D6A-98C0-61382D188FC6}.Release|ARM64.ActiveCfg = Release|ARM64
		{83387D14-7229-4D6A-98C0-61382D188FC6}.Release|ARM64.Build.0 = Release|ARM64
		{83387D14-7229-4D6A-98C0-61382D188FC6}.Release|ARM64.Deploy.0 = Release|ARM64
		{83387D14-7229-4D6A-98C0-61382D188FC6}.Release|x64.ActiveCfg = Release|x64
		{83387D14-7229-4D6A-98C0-61382D188FC6}.Release|x64.Build.0 = Release|x64
		{83387D14-7229-4D6A-98C0-61382D188FC6}.Release|x64.Deploy.0 = Release|x64
		{83387D14-7229-4D6A-98C0-61382D188FC6}.Release|x86.ActiveCfg = Release|Win32
		{83387D14-7229-4D6A-98C0-61382D188FC6}.Release|x86.Build.0 = Release|Win32
		{83387D14-7229-4D6A-98C0-61382D188FC6}.Release|x86.Deploy.0 = Release|Win32
		{6DB84C92-341F-4B3E-B3F4-83869E4B2920}.Debug|ARM.ActiveCfg = Debug|x64
		{6DB84C92-341F-4B3E-B3F4-83869E4B2920}.Debug|ARM.Build.0 = Debug|x64
		{6DB84C92-341F-4B3E-B3F4-83869E4B2920}.Debug|ARM64.ActiveCfg = Debug|x64
		{6DB84C92-341F-4B3E-B3F4-83869E4B2920}.Debug|ARM64.Build.0 = Debug|x64
		{6DB84C92-341F-4B3E-B3F4-83869E4B2920}.Debug|x64.ActiveCfg = Debug|x64
		{6DB84C92-341F-4B3E-B3F4-83869E4B2920}.Debug|x64.Build.0 = Debug|x64
		{6DB84C92-341F-4B3E-B3F4-83869E4B2920}.Debug|x86.ActiveCfg = Debug|Win32
		{6DB84C92-341F-4B3E-B3F4-83869E4B2920}.Debug|x86.Build.0 = Debug|Win32
		{6DB84C92-341F-4B3E-B3F4-83869E4B2920}.Release|ARM.ActiveCfg = Release|x64
		{6DB84C92-341F-4B3E-B3F4-83869E4B2920}.Release|ARM.Build.0 = Release|x64
		{6DB84C92-341F-4B3E-B3F4-83869E4B2920}.Release|ARM64.ActiveCfg = Release|x64
		{6DB84C92-341F-4B3E-B3F4-83869E4B2920}.Release|ARM64.Build.0 = Release|x64
		{6DB84C92-341F-4B3E-B3F4-83869E4B2920}.Release|x64.ActiveCfg = Release|x64
		{6DB84C92-341F-4B3E-B3F4-83869E4B2920}.Release|x64.Build.0 = Release|x64
		{6DB84C92-341F-4B3E-B3F4-83869E4B2920}.Release|x86.ActiveCfg = Release|Win32
		{6DB84C92-341F-4B3E-B3F4-83869E4B2920}.Release|x86.Build.0 = Release|Win32
		{CFA6E3A8-2299-468C-B4D6-A7E7650EAD97}.Debug|ARM.ActiveCfg = Debug|x64
		{CFA6E3A8-2299-468C-B4D6-A7E7650EAD97}.Debug|ARM.Build.0 = Debug|x64
		{CFA6E3A8-2299-468C-B4D6-A7E7650EAD97}.Debug|ARM.Deploy.0 = Debug|x64
		{CFA6E3A8-2299-468C-B4D6-A7E7650EAD97}.Debug|ARM64.ActiveCfg = Debug|ARM64
		{CFA6E3A8-2299-468C-B4D6-A7E7650EAD97}.Debug|ARM64.Build.0 = Debug|ARM64
		{CFA6E3A8-2299-468C-B4D6-A7E7650EAD97}.Debug|ARM64.Deploy.0 = Debug|ARM64
		{CFA6E3A8-2299-468C-B4D6-A7E7650EAD97}.Debug|x64.ActiveCfg = Debug|x64
		{CFA6E3A8-2299-468C-B4D6-A7E7650EAD97}.Debug|x64.Build.0 = Debug|x64
		{CFA6E3A8-2299-468C-B4D6-A7E7650EAD97}.Debug|x64.Deploy.0 = Debug|x64
		{CFA6E3A8-2299-468C-B4D6-A7E7650EAD97}.Debug|x86.ActiveCfg = Debug|Win32
		{CFA6E3A8-2299-468C-B4D6-A7E7650EAD97}.Debug|x86.Build.0 = Debug|Win32
		{CFA6E3A8-2299-468C-B4D6-A7E7650EAD97}.Debug|x86.Deploy.0 = Debug|Win32
		{CFA6E3A8-2299-468C-B4D6-A7E7650EAD97}.Release|ARM.ActiveCfg = Release|x64
		{CFA6E3A8-2299-468C-B4D6-A7E7650EAD97}.Release|ARM.Build.0 = Release|x64
		{CFA6E3A8-2299-468C-B4D6-A7E7650EAD97}.Release|ARM.Deploy.0 = Release|x64
		{CFA6E3A8-2299-468C-B4D6-A7E7650EAD97}.Release|ARM64.ActiveCfg = Release|ARM64
		{CFA6E3A8-2299-468C-B4D6-A7E7650EAD97}.Release|ARM64.Build.0 = Release|ARM64
		{CFA6E3A8-2299-468C-B4D6-A7E7650EAD97}.Release|ARM64.Deploy.0 = Release|ARM64
		{CFA6E3A8-2299-468C-B4D6-A7E7650EAD97}.Release|x64.ActiveCfg = Release|x64
		{CFA6E3A8-2299-468C-B4D6-A7E7650EAD97}.Release|x64.Build.0 = Release|x64
		{CFA6E3A8-2299-468C-B4D6-A7E7650EAD97}.Release|x64.Deploy.0 = Release|x64
		{CFA6E3A8-2299-468C-B4D6-A7E7650EAD97}.Release|x86.ActiveCfg = Release|Win32
		{CFA6E3A8-2299-468C-B4D6-A7E7650EAD97}.Release|x86.Build.0 = Release|Win32
		{CFA6E3A8-2299-468C-B4D6-A7E7650EAD97}.Release|x86.Deploy.0 = Release|Win32
		{C8F9FE66-1689-422B-828E-CBE91844E6CD}.Debug|ARM.ActiveCfg = Debug|x64
		{C8F9FE66-1689-422B-828E-CBE91844E6CD}.Debug|ARM.Build.0 = Debug|x64
		{C8F9FE66-1689-422B-828E-CBE91844E6CD}.Debug|ARM64.ActiveCfg = Debug|x64
		{C8F9FE66-1689-422B-828E-CBE91844E6CD}.Debug|ARM64.Build.0 = Debug|x64
		{C8F9FE66-1689-422B-828E-CBE91844E6CD}.Debug|x64.ActiveCfg = Debug|x64
		{C8F9FE66-1689-422B-828E-CBE91844E6CD}.Debug|x64.Build.0 = Debug|x64
		{C8F9FE66-1689-422B-828E-CBE91844E6CD}.Debug|x86.ActiveCfg = Debug|Win32
		{C8F9FE66-1689-422B-828E-CBE91844E6CD}.Debug|x86.Build.0 = Debug|Win32
		{C8F9FE66-1689-422B-828E-CBE91844E6CD}.Release|ARM.ActiveCfg = Release|x64
		{C8F9FE66-1689-422B-828E-CBE91844E6CD}.Release|ARM.Build.0 = Release|x64
		{C8F9FE66-1689-422B-828E-CBE91844E6CD}.Release|ARM64.ActiveCfg = Release|x64
		{C8F9FE66-1689-422B-828E-CBE91844E6CD}.Release|ARM64.Build.0 = Release|x64
		{C8F9FE66-1689-422B-828E-CBE91844E6CD}.Release|x64.ActiveCfg = Release|x64
		{C8F9FE66-1689-422B-828E-CBE91844E6CD}.Release|x64.Build.0 = Release|x64
		{C8F9FE66-1689-422B-828E-CBE91844E6CD}.Release|x86.ActiveCfg = Release|Win32
		{C8F9FE66-1689-422B-828E-CBE91844E6CD}.Release|x86.Build.0 = Release|Win32
	EndGlobalSection
	GlobalSection(SolutionProperties) = preSolution
		HideSolutionNode = FALSE
	EndGlobalSection
	GlobalSection(ExtensibilityGlobals) = postSolution
		SolutionGuid = {7C8E82F4-8BD8-4A01-9D5D-4E012F123BDD}
	EndGlobalSection
EndGlobal
